
Microsoft Visual Studio Solution File, Format Version 12.00
# Visual Studio Version 16
VisualStudioVersion = 16.0.31515.178
MinimumVisualStudioVersion = 10.0.40219.1
Project("{888888A0-9F3D-457C-B088-3A5042F75D52}") = "Pingu", "Pingu\Pingu.pyproj", "{C9646072-8798-4978-8977-3A548FE2D986}"
EndProject
Global
	GlobalSection(SolutionConfigurationPlatforms) = preSolution
		Debug|Any CPU = Debug|Any CPU
		Release|Any CPU = Release|Any CPU
	EndGlobalSection
	GlobalSection(ProjectConfigurationPlatforms) = postSolution
		{C9646072-8798-4978-8977-3A548FE2D986}.Debug|Any CPU.ActiveCfg = Debug|Any CPU
		{C9646072-8798-4978-8977-3A548FE2D986}.Release|Any CPU.ActiveCfg = Release|Any CPU
	EndGlobalSection
	GlobalSection(SolutionProperties) = preSolution
		HideSolutionNode = FALSE
	EndGlobalSection
	GlobalSection(ExtensibilityGlobals) = postSolution
		SolutionGuid = {98862748-3EA3-4A5B-9F58-FBB44817751B}
	EndGlobalSection
EndGlobal
